
Microsoft Visual Studio Solution File, Format Version 12.00
# Visual Studio Version 16
VisualStudioVersion = 16.0.29102.190
MinimumVisualStudioVersion = 10.0.40219.1
Project("{FAE04EC0-301F-11D3-BF4B-00C04F79EFBC}") = "EquivalentArrays", "EquivalentArrays\EquivalentArrays.csproj", "{28BE1AA0-506E-4065-B748-0F87AFF465C3}"
EndProject
Global
	GlobalSection(SolutionConfigurationPlatforms) = preSolution
		Debug|Any CPU = Debug|Any CPU
		Release|Any CPU = Release|Any CPU
	EndGlobalSection
	GlobalSection(ProjectConfigurationPlatforms) = postSolution
		{28BE1AA0-506E-4065-B748-0F87AFF465C3}.Debug|Any CPU.ActiveCfg = Debug|Any CPU
		{28BE1AA0-506E-4065-B748-0F87AFF465C3}.Debug|Any CPU.Build.0 = Debug|Any CPU
		{28BE1AA0-506E-4065-B748-0F87AFF465C3}.Release|Any CPU.ActiveCfg = Release|Any CPU
		{28BE1AA0-506E-4065-B748-0F87AFF465C3}.Release|Any CPU.Build.0 = Release|Any CPU
	EndGlobalSection
	GlobalSection(SolutionProperties) = preSolution
		HideSolutionNode = FALSE
	EndGlobalSection
	GlobalSection(ExtensibilityGlobals) = postSolution
		SolutionGuid = {B8C96F1E-838C-4CAA-9C94-39E8908E2397}
	EndGlobalSection
EndGlobal
